
Microsoft Visual Studio Solution File, Format Version 12.00
# Visual Studio Version 17
VisualStudioVersion = 17.3.32825.248
MinimumVisualStudioVersion = 10.0.40219.1
Project("{FAE04EC0-301F-11D3-BF4B-00C04F79EFBC}") = "EuroDollarConverter", "EuroDollarConverter.csproj", "{CDACB0EE-4354-4AFF-A8DE-9B8FE7E0AE94}"
EndProject
Global
	GlobalSection(SolutionConfigurationPlatforms) = preSolution
		Debug|Any CPU = Debug|Any CPU
		Release|Any CPU = Release|Any CPU
	EndGlobalSection
	GlobalSection(ProjectConfigurationPlatforms) = postSolution
		{CDACB0EE-4354-4AFF-A8DE-9B8FE7E0AE94}.Debug|Any CPU.ActiveCfg = Debug|Any CPU
		{CDACB0EE-4354-4AFF-A8DE-9B8FE7E0AE94}.Debug|Any CPU.Build.0 = Debug|Any CPU
		{CDACB0EE-4354-4AFF-A8DE-9B8FE7E0AE94}.Release|Any CPU.ActiveCfg = Release|Any CPU
		{CDACB0EE-4354-4AFF-A8DE-9B8FE7E0AE94}.Release|Any CPU.Build.0 = Release|Any CPU
	EndGlobalSection
	GlobalSection(SolutionProperties) = preSolution
		HideSolutionNode = FALSE
	EndGlobalSection
	GlobalSection(ExtensibilityGlobals) = postSolution
		SolutionGuid = {C21C60B5-343E-49E8-BF5E-76E34DC3A445}
	EndGlobalSection
EndGlobal
